
Microsoft Visual Studio Solution File, Format Version 12.00
# Visual Studio Version 17
VisualStudioVersion = 17.10.34916.146
MinimumVisualStudioVersion = 10.0.40219.1
Project("{FAE04EC0-301F-11D3-BF4B-00C04F79EFBC}") = "Snake", "Snake\Snake.csproj", "{AAC0858A-6897-4538-971E-AA84A1D86FA7}"
EndProject
Global
	GlobalSection(SolutionConfigurationPlatforms) = preSolution
		Debug|Any CPU = Debug|Any CPU
		Release|Any CPU = Release|Any CPU
	EndGlobalSection
	GlobalSection(ProjectConfigurationPlatforms) = postSolution
		{AAC0858A-6897-4538-971E-AA84A1D86FA7}.Debug|Any CPU.ActiveCfg = Debug|Any CPU
		{AAC0858A-6897-4538-971E-AA84A1D86FA7}.Debug|Any CPU.Build.0 = Debug|Any CPU
		{AAC0858A-6897-4538-971E-AA84A1D86FA7}.Release|Any CPU.ActiveCfg = Release|Any CPU
		{AAC0858A-6897-4538-971E-AA84A1D86FA7}.Release|Any CPU.Build.0 = Release|Any CPU
	EndGlobalSection
	GlobalSection(SolutionProperties) = preSolution
		HideSolutionNode = FALSE
	EndGlobalSection
	GlobalSection(ExtensibilityGlobals) = postSolution
		SolutionGuid = {C337447A-864F-47A3-A8C3-195D688C93CD}
	EndGlobalSection
EndGlobal
