
Microsoft Visual Studio Solution File, Format Version 12.00
# Visual Studio Version 17
VisualStudioVersion = 17.10.35027.167
MinimumVisualStudioVersion = 10.0.40219.1
Project("{FAE04EC0-301F-11D3-BF4B-00C04F79EFBC}") = "1 zad", "1 zad\1 zad.csproj", "{12141B7A-E254-49ED-8290-07F929073DE6}"
EndProject
Global
	GlobalSection(SolutionConfigurationPlatforms) = preSolution
		Debug|Any CPU = Debug|Any CPU
		Release|Any CPU = Release|Any CPU
	EndGlobalSection
	GlobalSection(ProjectConfigurationPlatforms) = postSolution
		{12141B7A-E254-49ED-8290-07F929073DE6}.Debug|Any CPU.ActiveCfg = Debug|Any CPU
		{12141B7A-E254-49ED-8290-07F929073DE6}.Debug|Any CPU.Build.0 = Debug|Any CPU
		{12141B7A-E254-49ED-8290-07F929073DE6}.Release|Any CPU.ActiveCfg = Release|Any CPU
		{12141B7A-E254-49ED-8290-07F929073DE6}.Release|Any CPU.Build.0 = Release|Any CPU
	EndGlobalSection
	GlobalSection(SolutionProperties) = preSolution
		HideSolutionNode = FALSE
	EndGlobalSection
	GlobalSection(ExtensibilityGlobals) = postSolution
		SolutionGuid = {52583D5D-5889-4567-A14E-F7AB1F6219FD}
	EndGlobalSection
EndGlobal
